
Microsoft Visual Studio Solution File, Format Version 12.00
# Visual Studio Version 17
VisualStudioVersion = 17.14.36301.6
MinimumVisualStudioVersion = 10.0.40219.1
Project("{FAE04EC0-301F-11D3-BF4B-00C04F79EFBC}") = "TeamYShared", "TeamYShared\TeamYShared.csproj", "{76B8DF84-834F-4876-82A5-56B672DC7864}"
EndProject
Project("{FAE04EC0-301F-11D3-BF4B-00C04F79EFBC}") = "TeamYServer", "TeamYServer\TeamYServer.csproj", "{7F9FE7FC-85C2-4DFF-AB7F-09CFC032775C}"
EndProject
Project("{FAE04EC0-301F-11D3-BF4B-00C04F79EFBC}") = "TeamYClient", "TeamYClient\TeamYClient.csproj", "{91B8793A-1D56-46D1-875B-219BE385F2B4}"
EndProject
Project("{FAE04EC0-301F-11D3-BF4B-00C04F79EFBC}") = "TeamYDevClient", "TeamYDevClient\TeamYDevClient.csproj", "{A8004899-9B8C-40F0-BBFB-59C9B017EDAC}"
EndProject
Global
	GlobalSection(SolutionConfigurationPlatforms) = preSolution
		Debug|Any CPU = Debug|Any CPU
		Release|Any CPU = Release|Any CPU
	EndGlobalSection
	GlobalSection(ProjectConfigurationPlatforms) = postSolution
		{76B8DF84-834F-4876-82A5-56B672DC7864}.Debug|Any CPU.ActiveCfg = Debug|Any CPU
		{76B8DF84-834F-4876-82A5-56B672DC7864}.Debug|Any CPU.Build.0 = Debug|Any CPU
		{76B8DF84-834F-4876-82A5-56B672DC7864}.Release|Any CPU.ActiveCfg = Release|Any CPU
		{76B8DF84-834F-4876-82A5-56B672DC7864}.Release|Any CPU.Build.0 = Release|Any CPU
		{7F9FE7FC-85C2-4DFF-AB7F-09CFC032775C}.Debug|Any CPU.ActiveCfg = Debug|Any CPU
		{7F9FE7FC-85C2-4DFF-AB7F-09CFC032775C}.Debug|Any CPU.Build.0 = Debug|Any CPU
		{7F9FE7FC-85C2-4DFF-AB7F-09CFC032775C}.Release|Any CPU.ActiveCfg = Release|Any CPU
		{7F9FE7FC-85C2-4DFF-AB7F-09CFC032775C}.Release|Any CPU.Build.0 = Release|Any CPU
		{91B8793A-1D56-46D1-875B-219BE385F2B4}.Debug|Any CPU.ActiveCfg = Debug|Any CPU
		{91B8793A-1D56-46D1-875B-219BE385F2B4}.Debug|Any CPU.Build.0 = Debug|Any CPU
		{91B8793A-1D56-46D1-875B-219BE385F2B4}.Release|Any CPU.ActiveCfg = Release|Any CPU
		{91B8793A-1D56-46D1-875B-219BE385F2B4}.Release|Any CPU.Build.0 = Release|Any CPU
		{A8004899-9B8C-40F0-BBFB-59C9B017EDAC}.Debug|Any CPU.ActiveCfg = Debug|Any CPU
		{A8004899-9B8C-40F0-BBFB-59C9B017EDAC}.Debug|Any CPU.Build.0 = Debug|Any CPU
		{A8004899-9B8C-40F0-BBFB-59C9B017EDAC}.Release|Any CPU.ActiveCfg = Release|Any CPU
		{A8004899-9B8C-40F0-BBFB-59C9B017EDAC}.Release|Any CPU.Build.0 = Release|Any CPU
	EndGlobalSection
	GlobalSection(SolutionProperties) = preSolution
		HideSolutionNode = FALSE
	EndGlobalSection
	GlobalSection(ExtensibilityGlobals) = postSolution
		SolutionGuid = {98C4868E-49D4-4089-BCBC-90017CDC7491}
	EndGlobalSection
EndGlobal
